schema: '2.0'
stages:
  clean:
    cmd: uv run python scripts/clean.py
    deps:
    - path: data/raw/events.csv
      hash: md5
      md5: 431ff8b1e99f6c5ac0a423d9e37ac2a9
      size: 73240
    - path: scripts/clean.py
      hash: md5
      md5: ab98ff78e3a520db4e63c20d12222777
      size: 1906
    outs:
    - path: data/clean/events.csv
      hash: md5
      md5: 1cb386ce042cbca731c87352a84e15bd
      size: 59415
  transform:
    cmd: uv run python scripts/transform.py
    deps:
    - path: data/clean/events.csv
      hash: md5
      md5: 1cb386ce042cbca731c87352a84e15bd
      size: 59415
    - path: scripts/transform.py
      hash: md5
      md5: 651f97e146d0232b7fff7c91094941ee
      size: 695
    outs:
    - path: data/transformed/events.csv
      hash: md5
      md5: c88a8a6a6bf3f81bc94a92ac9c3e161e
      size: 77152
  features:
    cmd: uv run python scripts/features.py
    deps:
    - path: data/transformed/events.csv
      hash: md5
      md5: c88a8a6a6bf3f81bc94a92ac9c3e161e
      size: 77152
    - path: scripts/features.py
      hash: md5
      md5: 355e7d08a9eb9a664062977233b872bb
      size: 990
    outs:
    - path: data/features/events.csv
      hash: md5
      md5: 9b7086903a82b48ed68a2e0b168f56a3
      size: 113174
